
Microsoft Visual Studio Solution File, Format Version 12.00
# Visual Studio Version 17
VisualStudioVersion = 17.4.33213.308
MinimumVisualStudioVersion = 10.0.40219.1
Project("{FAE04EC0-301F-11D3-BF4B-00C04F79EFBC}") = "BlazorAppChat.API", "BlazorAppChat.API\BlazorAppChat.API.csproj", "{099529A4-BE19-4AE8-A66F-42BA9D20FA43}"
EndProject
Project("{FAE04EC0-301F-11D3-BF4B-00C04F79EFBC}") = "BlazorAppChat.Blazor", "BlazorAppChat.Blazor\BlazorAppChat.Blazor.csproj", "{866F5646-B477-422D-A05C-2F5927C4B110}"
EndProject
Global
	GlobalSection(SolutionConfigurationPlatforms) = preSolution
		Debug|Any CPU = Debug|Any CPU
		Release|Any CPU = Release|Any CPU
	EndGlobalSection
	GlobalSection(ProjectConfigurationPlatforms) = postSolution
		{099529A4-BE19-4AE8-A66F-42BA9D20FA43}.Debug|Any CPU.ActiveCfg = Debug|Any CPU
		{099529A4-BE19-4AE8-A66F-42BA9D20FA43}.Debug|Any CPU.Build.0 = Debug|Any CPU
		{099529A4-BE19-4AE8-A66F-42BA9D20FA43}.Release|Any CPU.ActiveCfg = Release|Any CPU
		{099529A4-BE19-4AE8-A66F-42BA9D20FA43}.Release|Any CPU.Build.0 = Release|Any CPU
		{866F5646-B477-422D-A05C-2F5927C4B110}.Debug|Any CPU.ActiveCfg = Debug|Any CPU
		{866F5646-B477-422D-A05C-2F5927C4B110}.Debug|Any CPU.Build.0 = Debug|Any CPU
		{866F5646-B477-422D-A05C-2F5927C4B110}.Release|Any CPU.ActiveCfg = Release|Any CPU
		{866F5646-B477-422D-A05C-2F5927C4B110}.Release|Any CPU.Build.0 = Release|Any CPU
	EndGlobalSection
	GlobalSection(SolutionProperties) = preSolution
		HideSolutionNode = FALSE
	EndGlobalSection
	GlobalSection(ExtensibilityGlobals) = postSolution
		SolutionGuid = {7DDF2744-23FA-4B28-869A-EE080656102B}
	EndGlobalSection
EndGlobal
